# THIS IS AN AUTOGENERATED FILE. DO NOT EDIT THIS FILE DIRECTLY.
# yarn lockfile v1


tslib@^1.9.3:
  version "1.9.3"
  resolved "https://registry.yarnpkg.com/tslib/-/tslib-1.9.3.tgz#d7e4dd79245d85428c4d7e4822a79917954ca286"
  integrity sha512-4krF8scpejhaOgqzBEcGM7yDIEfi0/8+8zDRZhNZZ2kjmHJ4hv3zCbQWxoJGz1iw5U0Jl0nma13xzHXcncMavQ==

typescript@^3.3.1:
  version "3.3.1"
  resolved "https://registry.yarnpkg.com/typescript/-/typescript-3.3.1.tgz#6de14e1db4b8a006ac535e482c8ba018c55f750b"
  integrity sha512-cTmIDFW7O0IHbn1DPYjkiebHxwtCMU+eTy30ZtJNBPF9j2O1ITu5XH2YnBeVRKWHqF+3JQwWJv0Q0aUgX8W7IA==
